
Microsoft Visual Studio Solution File, Format Version 12.00
# Visual Studio Version 16
VisualStudioVersion = 25.0.1700.4
MinimumVisualStudioVersion = 10.0.40219.1
Project("{2150E333-8FDC-42A3-9474-1A3956D46DE8}") = "Services", "Services", "{CEECAE0C-0BCE-4F9A-9505-E6F83E327040}"
EndProject
Project("{2150E333-8FDC-42A3-9474-1A3956D46DE8}") = "Catalog", "Catalog", "{D049C6CE-D259-40F0-A7C7-D93B0F25BDED}"
EndProject
Project("{FAE04EC0-301F-11D3-BF4B-00C04F79EFBC}") = "Catalog.API", "Services\Catalog\Catalog.API\Catalog.API.csproj", "{DF912094-2B2E-467B-9197-090177B2E3BB}"
EndProject
Project("{2150E333-8FDC-42A3-9474-1A3956D46DE8}") = "Položky řešení", "Položky řešení", "{3E2C67DF-9444-4730-B324-0371B9B0E1E8}"
	ProjectSection(SolutionItems) = preProject
		.editorconfig = .editorconfig
	EndProjectSection
EndProject
Project("{E53339B2-1760-4266-BCC7-CA923CBCF16C}") = "docker-compose", "docker-compose.dcproj", "{EED2AEEE-4079-4E44-9DA3-EEE015913D59}"
EndProject
Project("{2150E333-8FDC-42A3-9474-1A3956D46DE8}") = "Basket", "Basket", "{36305037-CD05-4981-AD77-961BD62B1D09}"
EndProject
Project("{FAE04EC0-301F-11D3-BF4B-00C04F79EFBC}") = "Basket.API", "Services\Basket\Basket.API\Basket.API.csproj", "{B877D12B-D3DD-415B-9F8D-EE8A102C1E4E}"
EndProject
Project("{2150E333-8FDC-42A3-9474-1A3956D46DE8}") = "Discount", "Discount", "{E29F3AF5-0AEA-4F46-9D46-221765BC407A}"
EndProject
Project("{FAE04EC0-301F-11D3-BF4B-00C04F79EFBC}") = "Discount.API", "Services\Discount\Discount.API\Discount.API.csproj", "{6A38E551-DAA5-419C-8B53-36C3D6287F45}"
EndProject
Project("{FAE04EC0-301F-11D3-BF4B-00C04F79EFBC}") = "Discount.Grpc", "Services\Discount\Discount.Grpc\Discount.Grpc.csproj", "{398F45B2-4DD1-4547-BB3E-E4FADD4F116C}"
EndProject
Project("{2150E333-8FDC-42A3-9474-1A3956D46DE8}") = "Ordering", "Ordering", "{B6DD9ABB-206F-4DCA-BD47-FF751B1B18B5}"
EndProject
Project("{FAE04EC0-301F-11D3-BF4B-00C04F79EFBC}") = "Ordering.API", "Services\Ordering\Ordering.API\Ordering.API.csproj", "{419A53FE-A53A-45F7-A8A8-267CACAF2A9F}"
EndProject
Project("{FAE04EC0-301F-11D3-BF4B-00C04F79EFBC}") = "Ordering.Domain", "Services\Ordering\Ordering.Domain\Ordering.Domain.csproj", "{59899F98-D0F5-4E34-B399-6FD9330C8833}"
EndProject
Project("{FAE04EC0-301F-11D3-BF4B-00C04F79EFBC}") = "Ordering.Application", "Services\Ordering\Ordering.Application\Ordering.Application.csproj", "{28004366-DB3F-479C-8E1E-19D6C88A6832}"
EndProject
Project("{FAE04EC0-301F-11D3-BF4B-00C04F79EFBC}") = "Ordering.Infrastructure", "Services\Ordering\Ordering.Infrastructure\Ordering.Infrastructure.csproj", "{1EB43ECB-9513-4969-A4D5-AAFC5D9F0A38}"
EndProject
Project("{2150E333-8FDC-42A3-9474-1A3956D46DE8}") = "BuildingBlocks", "BuildingBlocks", "{CAD35699-9E61-4FC7-8651-30BB5248F3E9}"
EndProject
Project("{FAE04EC0-301F-11D3-BF4B-00C04F79EFBC}") = "EventBus.Messages", "BuildingBlocks\EventBus.Messages\EventBus.Messages.csproj", "{9ED8C90D-DAC9-48C9-BD9A-71418E121E08}"
EndProject
Project("{2150E333-8FDC-42A3-9474-1A3956D46DE8}") = "ApiGateways", "ApiGateways", "{99B524D0-59F3-48A5-8917-524211930D9C}"
EndProject
Project("{FAE04EC0-301F-11D3-BF4B-00C04F79EFBC}") = "OcelotApiGateway", "ApiGateways\OcelotApiGateway\OcelotApiGateway.csproj", "{42F28D0D-9A5E-4A4E-A362-B9F55C0E04E8}"
EndProject
Global
	GlobalSection(SolutionConfigurationPlatforms) = preSolution
		Debug|Any CPU = Debug|Any CPU
		Release|Any CPU = Release|Any CPU
	EndGlobalSection
	GlobalSection(ProjectConfigurationPlatforms) = postSolution
		{DF912094-2B2E-467B-9197-090177B2E3BB}.Debug|Any CPU.ActiveCfg = Debug|Any CPU
		{DF912094-2B2E-467B-9197-090177B2E3BB}.Debug|Any CPU.Build.0 = Debug|Any CPU
		{DF912094-2B2E-467B-9197-090177B2E3BB}.Release|Any CPU.ActiveCfg = Release|Any CPU
		{DF912094-2B2E-467B-9197-090177B2E3BB}.Release|Any CPU.Build.0 = Release|Any CPU
		{EED2AEEE-4079-4E44-9DA3-EEE015913D59}.Debug|Any CPU.ActiveCfg = Debug|Any CPU
		{EED2AEEE-4079-4E44-9DA3-EEE015913D59}.Debug|Any CPU.Build.0 = Debug|Any CPU
		{EED2AEEE-4079-4E44-9DA3-EEE015913D59}.Release|Any CPU.ActiveCfg = Release|Any CPU
		{EED2AEEE-4079-4E44-9DA3-EEE015913D59}.Release|Any CPU.Build.0 = Release|Any CPU
		{B877D12B-D3DD-415B-9F8D-EE8A102C1E4E}.Debug|Any CPU.ActiveCfg = Debug|Any CPU
		{B877D12B-D3DD-415B-9F8D-EE8A102C1E4E}.Debug|Any CPU.Build.0 = Debug|Any CPU
		{B877D12B-D3DD-415B-9F8D-EE8A102C1E4E}.Release|Any CPU.ActiveCfg = Release|Any CPU
		{B877D12B-D3DD-415B-9F8D-EE8A102C1E4E}.Release|Any CPU.Build.0 = Release|Any CPU
		{6A38E551-DAA5-419C-8B53-36C3D6287F45}.Debug|Any CPU.ActiveCfg = Debug|Any CPU
		{6A38E551-DAA5-419C-8B53-36C3D6287F45}.Debug|Any CPU.Build.0 = Debug|Any CPU
		{6A38E551-DAA5-419C-8B53-36C3D6287F45}.Release|Any CPU.ActiveCfg = Release|Any CPU
		{6A38E551-DAA5-419C-8B53-36C3D6287F45}.Release|Any CPU.Build.0 = Release|Any CPU
		{398F45B2-4DD1-4547-BB3E-E4FADD4F116C}.Debug|Any CPU.ActiveCfg = Debug|Any CPU
		{398F45B2-4DD1-4547-BB3E-E4FADD4F116C}.Debug|Any CPU.Build.0 = Debug|Any CPU
		{398F45B2-4DD1-4547-BB3E-E4FADD4F116C}.Release|Any CPU.ActiveCfg = Release|Any CPU
		{398F45B2-4DD1-4547-BB3E-E4FADD4F116C}.Release|Any CPU.Build.0 = Release|Any CPU
		{419A53FE-A53A-45F7-A8A8-267CACAF2A9F}.Debug|Any CPU.ActiveCfg = Debug|Any CPU
		{419A53FE-A53A-45F7-A8A8-267CACAF2A9F}.Debug|Any CPU.Build.0 = Debug|Any CPU
		{419A53FE-A53A-45F7-A8A8-267CACAF2A9F}.Release|Any CPU.ActiveCfg = Release|Any CPU
		{419A53FE-A53A-45F7-A8A8-267CACAF2A9F}.Release|Any CPU.Build.0 = Release|Any CPU
		{59899F98-D0F5-4E34-B399-6FD9330C8833}.Debug|Any CPU.ActiveCfg = Debug|Any CPU
		{59899F98-D0F5-4E34-B399-6FD9330C8833}.Debug|Any CPU.Build.0 = Debug|Any CPU
		{59899F98-D0F5-4E34-B399-6FD9330C8833}.Release|Any CPU.ActiveCfg = Release|Any CPU
		{59899F98-D0F5-4E34-B399-6FD9330C8833}.Release|Any CPU.Build.0 = Release|Any CPU
		{28004366-DB3F-479C-8E1E-19D6C88A6832}.Debug|Any CPU.ActiveCfg = Debug|Any CPU
		{28004366-DB3F-479C-8E1E-19D6C88A6832}.Debug|Any CPU.Build.0 = Debug|Any CPU
		{28004366-DB3F-479C-8E1E-19D6C88A6832}.Release|Any CPU.ActiveCfg = Release|Any CPU
		{28004366-DB3F-479C-8E1E-19D6C88A6832}.Release|Any CPU.Build.0 = Release|Any CPU
		{1EB43ECB-9513-4969-A4D5-AAFC5D9F0A38}.Debug|Any CPU.ActiveCfg = Debug|Any CPU
		{1EB43ECB-9513-4969-A4D5-AAFC5D9F0A38}.Debug|Any CPU.Build.0 = Debug|Any CPU
		{1EB43ECB-9513-4969-A4D5-AAFC5D9F0A38}.Release|Any CPU.ActiveCfg = Release|Any CPU
		{1EB43ECB-9513-4969-A4D5-AAFC5D9F0A38}.Release|Any CPU.Build.0 = Release|Any CPU
		{9ED8C90D-DAC9-48C9-BD9A-71418E121E08}.Debug|Any CPU.ActiveCfg = Debug|Any CPU
		{9ED8C90D-DAC9-48C9-BD9A-71418E121E08}.Debug|Any CPU.Build.0 = Debug|Any CPU
		{9ED8C90D-DAC9-48C9-BD9A-71418E121E08}.Release|Any CPU.ActiveCfg = Release|Any CPU
		{9ED8C90D-DAC9-48C9-BD9A-71418E121E08}.Release|Any CPU.Build.0 = Release|Any CPU
		{42F28D0D-9A5E-4A4E-A362-B9F55C0E04E8}.Debug|Any CPU.ActiveCfg = Debug|Any CPU
		{42F28D0D-9A5E-4A4E-A362-B9F55C0E04E8}.Debug|Any CPU.Build.0 = Debug|Any CPU
		{42F28D0D-9A5E-4A4E-A362-B9F55C0E04E8}.Release|Any CPU.ActiveCfg = Release|Any CPU
		{42F28D0D-9A5E-4A4E-A362-B9F55C0E04E8}.Release|Any CPU.Build.0 = Release|Any CPU
	EndGlobalSection
	GlobalSection(SolutionProperties) = preSolution
		HideSolutionNode = FALSE
	EndGlobalSection
	GlobalSection(ExtensibilityGlobals) = postSolution
		SolutionGuid = {30DEEF1E-2417-40E5-B0D1-0C05DAAFAB79}
	EndGlobalSection
	GlobalSection(NestedProjects) = preSolution
		{D049C6CE-D259-40F0-A7C7-D93B0F25BDED} = {CEECAE0C-0BCE-4F9A-9505-E6F83E327040}
		{DF912094-2B2E-467B-9197-090177B2E3BB} = {D049C6CE-D259-40F0-A7C7-D93B0F25BDED}
		{36305037-CD05-4981-AD77-961BD62B1D09} = {CEECAE0C-0BCE-4F9A-9505-E6F83E327040}
		{B877D12B-D3DD-415B-9F8D-EE8A102C1E4E} = {36305037-CD05-4981-AD77-961BD62B1D09}
		{E29F3AF5-0AEA-4F46-9D46-221765BC407A} = {CEECAE0C-0BCE-4F9A-9505-E6F83E327040}
		{6A38E551-DAA5-419C-8B53-36C3D6287F45} = {E29F3AF5-0AEA-4F46-9D46-221765BC407A}
		{398F45B2-4DD1-4547-BB3E-E4FADD4F116C} = {E29F3AF5-0AEA-4F46-9D46-221765BC407A}
		{B6DD9ABB-206F-4DCA-BD47-FF751B1B18B5} = {CEECAE0C-0BCE-4F9A-9505-E6F83E327040}
		{419A53FE-A53A-45F7-A8A8-267CACAF2A9F} = {B6DD9ABB-206F-4DCA-BD47-FF751B1B18B5}
		{59899F98-D0F5-4E34-B399-6FD9330C8833} = {B6DD9ABB-206F-4DCA-BD47-FF751B1B18B5}
		{28004366-DB3F-479C-8E1E-19D6C88A6832} = {B6DD9ABB-206F-4DCA-BD47-FF751B1B18B5}
		{1EB43ECB-9513-4969-A4D5-AAFC5D9F0A38} = {B6DD9ABB-206F-4DCA-BD47-FF751B1B18B5}
		{9ED8C90D-DAC9-48C9-BD9A-71418E121E08} = {CAD35699-9E61-4FC7-8651-30BB5248F3E9}
		{42F28D0D-9A5E-4A4E-A362-B9F55C0E04E8} = {99B524D0-59F3-48A5-8917-524211930D9C}
	EndGlobalSection
EndGlobal
